
Microsoft Visual Studio Solution File, Format Version 12.00
# Visual Studio 15
Project("{FAE04EC0-301F-11D3-BF4B-00C04F79EFBC}") = "excel_masavia_beneficiario", "excel_masavia_beneficiario\excel_masavia_beneficiario.csproj", "{ED0919C6-5A88-4D95-B75B-4CB518233F37}"
EndProject
Global
	GlobalSection(SolutionConfigurationPlatforms) = preSolution
		Debug|anycpu = Debug|anycpu
		Release|anycpu = Release|anycpu
	EndGlobalSection
	GlobalSection(ProjectConfigurationPlatforms) = postSolution
		{ED0919C6-5A88-4D95-B75B-4CB518233F37}.Debug|anycpu.ActiveCfg = Debug|anycpu
		{ED0919C6-5A88-4D95-B75B-4CB518233F37}.Debug|anycpu.Build.0 = Debug|anycpu
		{ED0919C6-5A88-4D95-B75B-4CB518233F37}.Release|anycpu.ActiveCfg = Release|anycpu
		{ED0919C6-5A88-4D95-B75B-4CB518233F37}.Release|anycpu.Build.0 = Release|anycpu
	EndGlobalSection
EndGlobal
